
Microsoft Visual Studio Solution File, Format Version 12.00
# Visual Studio Version 17
VisualStudioVersion = 17.2.32602.215
MinimumVisualStudioVersion = 10.0.40219.1
Project("{FAE04EC0-301F-11D3-BF4B-00C04F79EFBC}") = "WebApplication10", "WebApplication10\WebApplication10.csproj", "{F6378EE8-F1B0-4F6D-BEFD-CFBEF0D74B06}"
EndProject
Global
	GlobalSection(SolutionConfigurationPlatforms) = preSolution
		Debug|Any CPU = Debug|Any CPU
		Release|Any CPU = Release|Any CPU
	EndGlobalSection
	GlobalSection(ProjectConfigurationPlatforms) = postSolution
		{F6378EE8-F1B0-4F6D-BEFD-CFBEF0D74B06}.Debug|Any CPU.ActiveCfg = Debug|Any CPU
		{F6378EE8-F1B0-4F6D-BEFD-CFBEF0D74B06}.Debug|Any CPU.Build.0 = Debug|Any CPU
		{F6378EE8-F1B0-4F6D-BEFD-CFBEF0D74B06}.Release|Any CPU.ActiveCfg = Release|Any CPU
		{F6378EE8-F1B0-4F6D-BEFD-CFBEF0D74B06}.Release|Any CPU.Build.0 = Release|Any CPU
	EndGlobalSection
	GlobalSection(SolutionProperties) = preSolution
		HideSolutionNode = FALSE
	EndGlobalSection
	GlobalSection(ExtensibilityGlobals) = postSolution
		SolutionGuid = {0DC31FCC-C682-4B12-8790-D34A165ADBD0}
	EndGlobalSection
EndGlobal
